
Microsoft Visual Studio Solution File, Format Version 12.00
# Visual Studio Version 17
VisualStudioVersion = 17.14.36915.13 d17.14
MinimumVisualStudioVersion = 10.0.40219.1
Project("{FAE04EC0-301F-11D3-BF4B-00C04F79EFBC}") = "Payage.Api", "Payage.Api\Payage.Api.csproj", "{21DD760C-754D-444D-A91B-F61E3C43CD67}"
EndProject
Global
	GlobalSection(SolutionConfigurationPlatforms) = preSolution
		Debug|Any CPU = Debug|Any CPU
		Release|Any CPU = Release|Any CPU
	EndGlobalSection
	GlobalSection(ProjectConfigurationPlatforms) = postSolution
		{21DD760C-754D-444D-A91B-F61E3C43CD67}.Debug|Any CPU.ActiveCfg = Debug|Any CPU
		{21DD760C-754D-444D-A91B-F61E3C43CD67}.Debug|Any CPU.Build.0 = Debug|Any CPU
		{21DD760C-754D-444D-A91B-F61E3C43CD67}.Release|Any CPU.ActiveCfg = Release|Any CPU
		{21DD760C-754D-444D-A91B-F61E3C43CD67}.Release|Any CPU.Build.0 = Release|Any CPU
	EndGlobalSection
	GlobalSection(SolutionProperties) = preSolution
		HideSolutionNode = FALSE
	EndGlobalSection
	GlobalSection(ExtensibilityGlobals) = postSolution
		SolutionGuid = {64631D9C-8C39-46F6-9DC6-0D8F21BBD638}
	EndGlobalSection
EndGlobal
